// !$*UTF8*$!
{
	archiveVersion = 1;
	classes = {
	};
	objectVersion = 46;
	objects = {

/* Begin PBXBuildFile section */
		A54029FB16268E6E00ED2FDD /* UIKit.framework in Frameworks */ = {isa = PBXBuildFile; fileRef = A54029FA16268E6E00ED2FDD /* UIKit.framework */; };
		A54029FD16268E6E00ED2FDD /* Foundation.framework in Frameworks */ = {isa = PBXBuildFile; fileRef = A54029FC16268E6E00ED2FDD /* Foundation.framework */; };
		A54029FF16268E6E00ED2FDD /* CoreGraphics.framework in Frameworks */ = {isa = PBXBuildFile; fileRef = A54029FE16268E6E00ED2FDD /* CoreGraphics.framework */; };
		A5402A0116268E6E00ED2FDD /* CoreData.framework in Frameworks */ = {isa = PBXBuildFile; fileRef = A5402A0016268E6E00ED2FDD /* CoreData.framework */; };
		A5402A0716268E6E00ED2FDD /* InfoPlist.strings in Resources */ = {isa = PBXBuildFile; fileRef = A5402A0516268E6E00ED2FDD /* InfoPlist.strings */; };
		A5402A0916268E6E00ED2FDD /* main.m in Sources */ = {isa = PBXBuildFile; fileRef = A5402A0816268E6E00ED2FDD /* main.m */; };
		A5402A0D16268E6E00ED2FDD /* RebtApplicationAppDelegate.m in Sources */ = {isa = PBXBuildFile; fileRef = A5402A0C16268E6E00ED2FDD /* RebtApplicationAppDelegate.m */; };
		A5402A0F16268E6F00ED2FDD /* Default.png in Resources */ = {isa = PBXBuildFile; fileRef = A5402A0E16268E6F00ED2FDD /* Default.png */; };
		A5402A1116268E6F00ED2FDD /* Default@2x.png in Resources */ = {isa = PBXBuildFile; fileRef = A5402A1016268E6F00ED2FDD /* Default@2x.png */; };
		A5402A1316268E6F00ED2FDD /* Default-568h@2x.png in Resources */ = {isa = PBXBuildFile; fileRef = A5402A1216268E6F00ED2FDD /* Default-568h@2x.png */; };
		A5402A1616268E6F00ED2FDD /* RebtApplication.xcdatamodeld in Sources */ = {isa = PBXBuildFile; fileRef = A5402A1416268E6F00ED2FDD /* RebtApplication.xcdatamodeld */; };
		A5402A1D16268EB900ED2FDD /* MainStoryboard.storyboard in Resources */ = {isa = PBXBuildFile; fileRef = A5402A1C16268EB900ED2FDD /* MainStoryboard.storyboard */; };
		A5402A20162691B700ED2FDD /* TopPageViewController.m in Sources */ = {isa = PBXBuildFile; fileRef = A5402A1F162691B700ED2FDD /* TopPageViewController.m */; };
		A5402A271626970700ED2FDD /* ColumnPageViewController.m in Sources */ = {isa = PBXBuildFile; fileRef = A5402A261626970700ED2FDD /* ColumnPageViewController.m */; };
		A5402A2916269A8C00ED2FDD /* column1.html in Resources */ = {isa = PBXBuildFile; fileRef = A5402A2816269A8C00ED2FDD /* column1.html */; };
		A5402A2F16269CEE00ED2FDD /* ColumnListPageViewController.m in Sources */ = {isa = PBXBuildFile; fileRef = A5402A2E16269CEE00ED2FDD /* ColumnListPageViewController.m */; };
		A5402A321626A69700ED2FDD /* iAd.framework in Frameworks */ = {isa = PBXBuildFile; fileRef = A5402A301626A68F00ED2FDD /* iAd.framework */; };
		A59CD20E162E392F00025B36 /* AddItemViewController.m in Sources */ = {isa = PBXBuildFile; fileRef = A59CD20D162E392F00025B36 /* AddItemViewController.m */; };
		A59CD215162E654D00025B36 /* ItemListViewController.m in Sources */ = {isa = PBXBuildFile; fileRef = A59CD214162E654D00025B36 /* ItemListViewController.m */; };
		A59CD218162E8D5A00025B36 /* EditItemViewController.m in Sources */ = {isa = PBXBuildFile; fileRef = A59CD217162E8D5A00025B36 /* EditItemViewController.m */; };
		A59CD21D162EA1D100025B36 /* libNendAd.a in Frameworks */ = {isa = PBXBuildFile; fileRef = A59CD21A162EA1D100025B36 /* libNendAd.a */; };
		A59CD220162EA1FE00025B36 /* Security.framework in Frameworks */ = {isa = PBXBuildFile; fileRef = A59CD21F162EA1FE00025B36 /* Security.framework */; };
		A59CD224162EA8BE00025B36 /* AdBannerManager.m in Sources */ = {isa = PBXBuildFile; fileRef = A59CD223162EA8BE00025B36 /* AdBannerManager.m */; };
/* End PBXBuildFile section */

/* Begin PBXFileReference section */
		A54029F616268E6E00ED2FDD /* RebtApplication.app */ = {isa = PBXFileReference; explicitFileType = wrapper.application; includeInIndex = 0; path = RebtApplication.app; sourceTree = BUILT_PRODUCTS_DIR; };
		A54029FA16268E6E00ED2FDD /* UIKit.framework */ = {isa = PBXFileReference; lastKnownFileType = wrapper.framework; name = UIKit.framework; path = System/Library/Frameworks/UIKit.framework; sourceTree = SDKROOT; };
		A54029FC16268E6E00ED2FDD /* Foundation.framework */ = {isa = PBXFileReference; lastKnownFileType = wrapper.framework; name = Foundation.framework; path = System/Library/Frameworks/Foundation.framework; sourceTree = SDKROOT; };
		A54029FE16268E6E00ED2FDD /* CoreGraphics.framework */ = {isa = PBXFileReference; lastKnownFileType = wrapper.framework; name = CoreGraphics.framework; path = System/Library/Frameworks/CoreGraphics.framework; sourceTree = SDKROOT; };
		A5402A0016268E6E00ED2FDD /* CoreData.framework */ = {isa = PBXFileReference; lastKnownFileType = wrapper.framework; name = CoreData.framework; path = System/Library/Frameworks/CoreData.framework; sourceTree = SDKROOT; };
		A5402A0416268E6E00ED2FDD /* RebtApplication-Info.plist */ = {isa = PBXFileReference; lastKnownFileType = text.plist.xml; path = "RebtApplication-Info.plist"; sourceTree = "<group>"; };
		A5402A0816268E6E00ED2FDD /* main.m */ = {isa = PBXFileReference; lastKnownFileType = sourcecode.c.objc; path = main.m; sourceTree = "<group>"; };
		A5402A0A16268E6E00ED2FDD /* RebtApplication-Prefix.pch */ = {isa = PBXFileReference; lastKnownFileType = sourcecode.c.h; path = "RebtApplication-Prefix.pch"; sourceTree = "<group>"; };
		A5402A0B16268E6E00ED2FDD /* RebtApplicationAppDelegate.h */ = {isa = PBXFileReference; lastKnownFileType = sourcecode.c.h; path = RebtApplicationAppDelegate.h; sourceTree = "<group>"; };
		A5402A0C16268E6E00ED2FDD /* RebtApplicationAppDelegate.m */ = {isa = PBXFileReference; lastKnownFileType = sourcecode.c.objc; path = RebtApplicationAppDelegate.m; sourceTree = "<group>"; };
		A5402A0E16268E6F00ED2FDD /* Default.png */ = {isa = PBXFileReference; lastKnownFileType = image.png; path = Default.png; sourceTree = "<group>"; };
		A5402A1016268E6F00ED2FDD /* Default@2x.png */ = {isa = PBXFileReference; lastKnownFileType = image.png; path = "Default@2x.png"; sourceTree = "<group>"; };
		A5402A1216268E6F00ED2FDD /* Default-568h@2x.png */ = {isa = PBXFileReference; lastKnownFileType = image.png; path = "Default-568h@2x.png"; sourceTree = "<group>"; };
		A5402A1516268E6F00ED2FDD /* RebtApplication.xcdatamodel */ = {isa = PBXFileReference; lastKnownFileType = wrapper.xcdatamodel; path = RebtApplication.xcdatamodel; sourceTree = "<group>"; };
		A5402A1C16268EB900ED2FDD /* MainStoryboard.storyboard */ = {isa = PBXFileReference; fileEncoding = 4; lastKnownFileType = file.storyboard; name = MainStoryboard.storyboard; path = ../MainStoryboard.storyboard; sourceTree = "<group>"; };
		A5402A1E162691B700ED2FDD /* TopPageViewController.h */ = {isa = PBXFileReference; fileEncoding = 4; lastKnownFileType = sourcecode.c.h; path = TopPageViewController.h; sourceTree = "<group>"; };
		A5402A1F162691B700ED2FDD /* TopPageViewController.m */ = {isa = PBXFileReference; fileEncoding = 4; lastKnownFileType = sourcecode.c.objc; path = TopPageViewController.m; sourceTree = "<group>"; };
		A5402A251626970700ED2FDD /* ColumnPageViewController.h */ = {isa = PBXFileReference; fileEncoding = 4; lastKnownFileType = sourcecode.c.h; name = ColumnPageViewController.h; path = ../ColumnPageViewController.h; sourceTree = "<group>"; };
		A5402A261626970700ED2FDD /* ColumnPageViewController.m */ = {isa = PBXFileReference; fileEncoding = 4; lastKnownFileType = sourcecode.c.objc; name = ColumnPageViewController.m; path = ../ColumnPageViewController.m; sourceTree = "<group>"; };
		A5402A2816269A8C00ED2FDD /* column1.html */ = {isa = PBXFileReference; fileEncoding = 4; lastKnownFileType = text.html; name = column1.html; path = ../column1.html; sourceTree = "<group>"; };
		A5402A2D16269CEE00ED2FDD /* ColumnListPageViewController.h */ = {isa = PBXFileReference; fileEncoding = 4; lastKnownFileType = sourcecode.c.h; name = ColumnListPageViewController.h; path = ../ColumnListPageViewController.h; sourceTree = "<group>"; };
		A5402A2E16269CEE00ED2FDD /* ColumnListPageViewController.m */ = {isa = PBXFileReference; fileEncoding = 4; lastKnownFileType = sourcecode.c.objc; name = ColumnListPageViewController.m; path = ../ColumnListPageViewController.m; sourceTree = "<group>"; };
		A5402A301626A68F00ED2FDD /* iAd.framework */ = {isa = PBXFileReference; lastKnownFileType = wrapper.framework; name = iAd.framework; path = System/Library/Frameworks/iAd.framework; sourceTree = SDKROOT; };
		A59CD20B162E1C3700025B36 /* ja */ = {isa = PBXFileReference; lastKnownFileType = text.plist.strings; name = ja; path = ja.lproj/InfoPlist.strings; sourceTree = "<group>"; };
		A59CD20C162E392F00025B36 /* AddItemViewController.h */ = {isa = PBXFileReference; fileEncoding = 4; lastKnownFileType = sourcecode.c.h; name = AddItemViewController.h; path = ../AddItemViewController.h; sourceTree = "<group>"; };
		A59CD20D162E392F00025B36 /* AddItemViewController.m */ = {isa = PBXFileReference; fileEncoding = 4; lastKnownFileType = sourcecode.c.objc; name = AddItemViewController.m; path = ../AddItemViewController.m; sourceTree = "<group>"; };
		A59CD213162E654D00025B36 /* ItemListViewController.h */ = {isa = PBXFileReference; fileEncoding = 4; lastKnownFileType = sourcecode.c.h; path = ItemListViewController.h; sourceTree = "<group>"; };
		A59CD214162E654D00025B36 /* ItemListViewController.m */ = {isa = PBXFileReference; fileEncoding = 4; lastKnownFileType = sourcecode.c.objc; path = ItemListViewController.m; sourceTree = "<group>"; };
		A59CD216162E8D5A00025B36 /* EditItemViewController.h */ = {isa = PBXFileReference; fileEncoding = 4; lastKnownFileType = sourcecode.c.h; path = EditItemViewController.h; sourceTree = "<group>"; };
		A59CD217162E8D5A00025B36 /* EditItemViewController.m */ = {isa = PBXFileReference; fileEncoding = 4; lastKnownFileType = sourcecode.c.objc; path = EditItemViewController.m; sourceTree = "<group>"; };
		A59CD21A162EA1D100025B36 /* libNendAd.a */ = {isa = PBXFileReference; lastKnownFileType = archive.ar; path = libNendAd.a; sourceTree = "<group>"; };
		A59CD21B162EA1D100025B36 /* libNendAd_readme.txt */ = {isa = PBXFileReference; fileEncoding = 4; lastKnownFileType = text; path = libNendAd_readme.txt; sourceTree = "<group>"; };
		A59CD21C162EA1D100025B36 /* NADView.h */ = {isa = PBXFileReference; fileEncoding = 4; lastKnownFileType = sourcecode.c.h; path = NADView.h; sourceTree = "<group>"; };
		A59CD21F162EA1FE00025B36 /* Security.framework */ = {isa = PBXFileReference; lastKnownFileType = wrapper.framework; name = Security.framework; path = System/Library/Frameworks/Security.framework; sourceTree = SDKROOT; };
		A59CD222162EA8BE00025B36 /* AdBannerManager.h */ = {isa = PBXFileReference; fileEncoding = 4; lastKnownFileType = sourcecode.c.h; path = AdBannerManager.h; sourceTree = "<group>"; };
		A59CD223162EA8BE00025B36 /* AdBannerManager.m */ = {isa = PBXFileReference; fileEncoding = 4; lastKnownFileType = sourcecode.c.objc; path = AdBannerManager.m; sourceTree = "<group>"; };
/* End PBXFileReference section */

/* Begin PBXFrameworksBuildPhase section */
		A54029F316268E6E00ED2FDD /* Frameworks */ = {
			isa = PBXFrameworksBuildPhase;
			buildActionMask = 2147483647;
			files = (
				A59CD220162EA1FE00025B36 /* Security.framework in Frameworks */,
				A54029FB16268E6E00ED2FDD /* UIKit.framework in Frameworks */,
				A54029FD16268E6E00ED2FDD /* Foundation.framework in Frameworks */,
				A54029FF16268E6E00ED2FDD /* CoreGraphics.framework in Frameworks */,
				A5402A0116268E6E00ED2FDD /* CoreData.framework in Frameworks */,
				A5402A321626A69700ED2FDD /* iAd.framework in Frameworks */,
				A59CD21D162EA1D100025B36 /* libNendAd.a in Frameworks */,
			);
			runOnlyForDeploymentPostprocessing = 0;
		};
/* End PBXFrameworksBuildPhase section */

/* Begin PBXGroup section */
		A54029EB16268E6E00ED2FDD = {
			isa = PBXGroup;
			children = (
				A59CD221162EA8BE00025B36 /* AdBannerManager */,
				A59CD219162EA1D100025B36 /* NendAd */,
				A5402A0216268E6E00ED2FDD /* RebtApplication */,
				A54029F916268E6E00ED2FDD /* Frameworks */,
				A54029F716268E6E00ED2FDD /* Products */,
			);
			sourceTree = "<group>";
		};
		A54029F716268E6E00ED2FDD /* Products */ = {
			isa = PBXGroup;
			children = (
				A54029F616268E6E00ED2FDD /* RebtApplication.app */,
			);
			name = Products;
			sourceTree = "<group>";
		};
		A54029F916268E6E00ED2FDD /* Frameworks */ = {
			isa = PBXGroup;
			children = (
				A59CD21F162EA1FE00025B36 /* Security.framework */,
				A5402A301626A68F00ED2FDD /* iAd.framework */,
				A54029FA16268E6E00ED2FDD /* UIKit.framework */,
				A54029FC16268E6E00ED2FDD /* Foundation.framework */,
				A54029FE16268E6E00ED2FDD /* CoreGraphics.framework */,
				A5402A0016268E6E00ED2FDD /* CoreData.framework */,
			);
			name = Frameworks;
			sourceTree = "<group>";
		};
		A5402A0216268E6E00ED2FDD /* RebtApplication */ = {
			isa = PBXGroup;
			children = (
				A5402A0B16268E6E00ED2FDD /* RebtApplicationAppDelegate.h */,
				A5402A0C16268E6E00ED2FDD /* RebtApplicationAppDelegate.m */,
				A5402A1C16268EB900ED2FDD /* MainStoryboard.storyboard */,
				A5402A1416268E6F00ED2FDD /* RebtApplication.xcdatamodeld */,
				A5402A0316268E6E00ED2FDD /* Supporting Files */,
				A5402A1E162691B700ED2FDD /* TopPageViewController.h */,
				A5402A1F162691B700ED2FDD /* TopPageViewController.m */,
				A5402A2D16269CEE00ED2FDD /* ColumnListPageViewController.h */,
				A5402A2E16269CEE00ED2FDD /* ColumnListPageViewController.m */,
				A5402A251626970700ED2FDD /* ColumnPageViewController.h */,
				A5402A261626970700ED2FDD /* ColumnPageViewController.m */,
				A59CD20C162E392F00025B36 /* AddItemViewController.h */,
				A59CD20D162E392F00025B36 /* AddItemViewController.m */,
				A59CD213162E654D00025B36 /* ItemListViewController.h */,
				A59CD214162E654D00025B36 /* ItemListViewController.m */,
				A59CD216162E8D5A00025B36 /* EditItemViewController.h */,
				A59CD217162E8D5A00025B36 /* EditItemViewController.m */,
				A5402A2816269A8C00ED2FDD /* column1.html */,
			);
			path = RebtApplication;
			sourceTree = "<group>";
		};
		A5402A0316268E6E00ED2FDD /* Supporting Files */ = {
			isa = PBXGroup;
			children = (
				A5402A0416268E6E00ED2FDD /* RebtApplication-Info.plist */,
				A5402A0516268E6E00ED2FDD /* InfoPlist.strings */,
				A5402A0816268E6E00ED2FDD /* main.m */,
				A5402A0A16268E6E00ED2FDD /* RebtApplication-Prefix.pch */,
				A5402A0E16268E6F00ED2FDD /* Default.png */,
				A5402A1016268E6F00ED2FDD /* Default@2x.png */,
				A5402A1216268E6F00ED2FDD /* Default-568h@2x.png */,
			);
			name = "Supporting Files";
			sourceTree = "<group>";
		};
		A59CD219162EA1D100025B36 /* NendAd */ = {
			isa = PBXGroup;
			children = (
				A59CD21A162EA1D100025B36 /* libNendAd.a */,
				A59CD21B162EA1D100025B36 /* libNendAd_readme.txt */,
				A59CD21C162EA1D100025B36 /* NADView.h */,
			);
			path = NendAd;
			sourceTree = "<group>";
		};
		A59CD221162EA8BE00025B36 /* AdBannerManager */ = {
			isa = PBXGroup;
			children = (
				A59CD222162EA8BE00025B36 /* AdBannerManager.h */,
				A59CD223162EA8BE00025B36 /* AdBannerManager.m */,
			);
			path = AdBannerManager;
			sourceTree = "<group>";
		};
/* End PBXGroup section */

/* Begin PBXNativeTarget section */
		A54029F516268E6E00ED2FDD /* RebtApplication */ = {
			isa = PBXNativeTarget;
			buildConfigurationList = A5402A1916268E6F00ED2FDD /* Build configuration list for PBXNativeTarget "RebtApplication" */;
			buildPhases = (
				A54029F216268E6E00ED2FDD /* Sources */,
				A54029F316268E6E00ED2FDD /* Frameworks */,
				A54029F416268E6E00ED2FDD /* Resources */,
			);
			buildRules = (
			);
			dependencies = (
			);
			name = RebtApplication;
			productName = RebtApplication;
			productReference = A54029F616268E6E00ED2FDD /* RebtApplication.app */;
			productType = "com.apple.product-type.application";
		};
/* End PBXNativeTarget section */

/* Begin PBXProject section */
		A54029ED16268E6E00ED2FDD /* Project object */ = {
			isa = PBXProject;
			attributes = {
				CLASSPREFIX = RebtApplication;
				LastUpgradeCheck = 0450;
				ORGANIZATIONNAME = "Material-Tokorozawa";
			};
			buildConfigurationList = A54029F016268E6E00ED2FDD /* Build configuration list for PBXProject "RebtApplication" */;
			compatibilityVersion = "Xcode 3.2";
			developmentRegion = English;
			hasScannedForEncodings = 0;
			knownRegions = (
				en,
				ja,
			);
			mainGroup = A54029EB16268E6E00ED2FDD;
			productRefGroup = A54029F716268E6E00ED2FDD /* Products */;
			projectDirPath = "";
			projectRoot = "";
			targets = (
				A54029F516268E6E00ED2FDD /* RebtApplication */,
			);
		};
/* End PBXProject section */

/* Begin PBXResourcesBuildPhase section */
		A54029F416268E6E00ED2FDD /* Resources */ = {
			isa = PBXResourcesBuildPhase;
			buildActionMask = 2147483647;
			files = (
				A5402A0716268E6E00ED2FDD /* InfoPlist.strings in Resources */,
				A5402A0F16268E6F00ED2FDD /* Default.png in Resources */,
				A5402A1116268E6F00ED2FDD /* Default@2x.png in Resources */,
				A5402A1316268E6F00ED2FDD /* Default-568h@2x.png in Resources */,
				A5402A1D16268EB900ED2FDD /* MainStoryboard.storyboard in Resources */,
				A5402A2916269A8C00ED2FDD /* column1.html in Resources */,
			);
			runOnlyForDeploymentPostprocessing = 0;
		};
/* End PBXResourcesBuildPhase section */

/* Begin PBXSourcesBuildPhase section */
		A54029F216268E6E00ED2FDD /* Sources */ = {
			isa = PBXSourcesBuildPhase;
			buildActionMask = 2147483647;
			files = (
				A5402A0916268E6E00ED2FDD /* main.m in Sources */,
				A5402A0D16268E6E00ED2FDD /* RebtApplicationAppDelegate.m in Sources */,
				A5402A1616268E6F00ED2FDD /* RebtApplication.xcdatamodeld in Sources */,
				A5402A20162691B700ED2FDD /* TopPageViewController.m in Sources */,
				A5402A271626970700ED2FDD /* ColumnPageViewController.m in Sources */,
				A5402A2F16269CEE00ED2FDD /* ColumnListPageViewController.m in Sources */,
				A59CD20E162E392F00025B36 /* AddItemViewController.m in Sources */,
				A59CD215162E654D00025B36 /* ItemListViewController.m in Sources */,
				A59CD218162E8D5A00025B36 /* EditItemViewController.m in Sources */,
				A59CD224162EA8BE00025B36 /* AdBannerManager.m in Sources */,
			);
			runOnlyForDeploymentPostprocessing = 0;
		};
/* End PBXSourcesBuildPhase section */

/* Begin PBXVariantGroup section */
		A5402A0516268E6E00ED2FDD /* InfoPlist.strings */ = {
			isa = PBXVariantGroup;
			children = (
				A59CD20B162E1C3700025B36 /* ja */,
			);
			name = InfoPlist.strings;
			sourceTree = "<group>";
		};
/* End PBXVariantGroup section */

/* Begin XCBuildConfiguration section */
		A5402A1716268E6F00ED2FDD /* Debug */ = {
			isa = XCBuildConfiguration;
			buildSettings = {
				ALWAYS_SEARCH_USER_PATHS = NO;
				CLANG_CXX_LANGUAGE_STANDARD = "gnu++0x";
				CLANG_CXX_LIBRARY = "libc++";
				CLANG_WARN_EMPTY_BODY = YES;
				CLANG_WARN__DUPLICATE_METHOD_MATCH = YES;
				"CODE_SIGN_IDENTITY[sdk=iphoneos*]" = "iPhone Developer";
				COPY_PHASE_STRIP = NO;
				GCC_C_LANGUAGE_STANDARD = gnu99;
				GCC_DYNAMIC_NO_PIC = NO;
				GCC_OPTIMIZATION_LEVEL = 0;
				GCC_PREPROCESSOR_DEFINITIONS = (
					"DEBUG=1",
					"$(inherited)",
				);
				GCC_SYMBOLS_PRIVATE_EXTERN = NO;
				GCC_WARN_ABOUT_RETURN_TYPE = YES;
				GCC_WARN_UNINITIALIZED_AUTOS = YES;
				GCC_WARN_UNUSED_VARIABLE = YES;
				IPHONEOS_DEPLOYMENT_TARGET = 6.0;
				ONLY_ACTIVE_ARCH = YES;
				SDKROOT = iphoneos;
			};
			name = Debug;
		};
		A5402A1816268E6F00ED2FDD /* Release */ = {
			isa = XCBuildConfiguration;
			buildSettings = {
				ALWAYS_SEARCH_USER_PATHS = NO;
				CLANG_CXX_LANGUAGE_STANDARD = "gnu++0x";
				CLANG_CXX_LIBRARY = "libc++";
				CLANG_WARN_EMPTY_BODY = YES;
				CLANG_WARN__DUPLICATE_METHOD_MATCH = YES;
				"CODE_SIGN_IDENTITY[sdk=iphoneos*]" = "iPhone Developer";
				COPY_PHASE_STRIP = YES;
				GCC_C_LANGUAGE_STANDARD = gnu99;
				GCC_WARN_ABOUT_RETURN_TYPE = YES;
				GCC_WARN_UNINITIALIZED_AUTOS = YES;
				GCC_WARN_UNUSED_VARIABLE = YES;
				IPHONEOS_DEPLOYMENT_TARGET = 6.0;
				OTHER_CFLAGS = "-DNS_BLOCK_ASSERTIONS=1";
				SDKROOT = iphoneos;
				VALIDATE_PRODUCT = YES;
			};
			name = Release;
		};
		A5402A1A16268E6F00ED2FDD /* Debug */ = {
			isa = XCBuildConfiguration;
			buildSettings = {
				GCC_PRECOMPILE_PREFIX_HEADER = YES;
				GCC_PREFIX_HEADER = "RebtApplication/RebtApplication-Prefix.pch";
				INFOPLIST_FILE = "RebtApplication/RebtApplication-Info.plist";
				LIBRARY_SEARCH_PATHS = (
					"$(inherited)",
					"\"$(SRCROOT)/NendAd\"",
				);
				PRODUCT_NAME = "$(TARGET_NAME)";
				WRAPPER_EXTENSION = app;
			};
			name = Debug;
		};
		A5402A1B16268E6F00ED2FDD /* Release */ = {
			isa = XCBuildConfiguration;
			buildSettings = {
				GCC_PRECOMPILE_PREFIX_HEADER = YES;
				GCC_PREFIX_HEADER = "RebtApplication/RebtApplication-Prefix.pch";
				INFOPLIST_FILE = "RebtApplication/RebtApplication-Info.plist";
				LIBRARY_SEARCH_PATHS = (
					"$(inherited)",
					"\"$(SRCROOT)/NendAd\"",
				);
				PRODUCT_NAME = "$(TARGET_NAME)";
				WRAPPER_EXTENSION = app;
			};
			name = Release;
		};
/* End XCBuildConfiguration section */

/* Begin XCConfigurationList section */
		A54029F016268E6E00ED2FDD /* Build configuration list for PBXProject "RebtApplication" */ = {
			isa = XCConfigurationList;
			buildConfigurations = (
				A5402A1716268E6F00ED2FDD /* Debug */,
				A5402A1816268E6F00ED2FDD /* Release */,
			);
			defaultConfigurationIsVisible = 0;
			defaultConfigurationName = Release;
		};
		A5402A1916268E6F00ED2FDD /* Build configuration list for PBXNativeTarget "RebtApplication" */ = {
			isa = XCConfigurationList;
			buildConfigurations = (
				A5402A1A16268E6F00ED2FDD /* Debug */,
				A5402A1B16268E6F00ED2FDD /* Release */,
			);
			defaultConfigurationIsVisible = 0;
			defaultConfigurationName = Release;
		};
/* End XCConfigurationList section */

/* Begin XCVersionGroup section */
		A5402A1416268E6F00ED2FDD /* RebtApplication.xcdatamodeld */ = {
			isa = XCVersionGroup;
			children = (
				A5402A1516268E6F00ED2FDD /* RebtApplication.xcdatamodel */,
			);
			currentVersion = A5402A1516268E6F00ED2FDD /* RebtApplication.xcdatamodel */;
			path = RebtApplication.xcdatamodeld;
			sourceTree = "<group>";
			versionGroupType = wrapper.xcdatamodel;
		};
/* End XCVersionGroup section */
	};
	rootObject = A54029ED16268E6E00ED2FDD /* Project object */;
}
